schema: '2.0'
stages:
  test-dvclive:
    cmd: python train.py
    params:
      params.yaml:
        epochs: 5
    outs:
    - path: dvclive/metrics.json
      hash: md5
      md5: f7076ba148fa1178d58fcd81cd406f81
      size: 78
    - path: dvclive/plots
      hash: md5
      md5: 34797a23ff4eb979242f968d743db2ab.dir
      size: 222
      nfiles: 2
  usage-commands:
    cmd: python commands.py
    params:
      params.yaml:
        epochs: 5
    outs:
    - path: usage/metrics.json
      hash: md5
      md5: 1010bad5ed6d10c826df0de980518cbd
      size: 212
    - path: usage/plots
      hash: md5
      md5: a413ed6d42eede55954c8249ee739e0f.dir
      size: 687
      nfiles: 6
  system-os:
    cmd: python system.py
    params:
      params.yaml:
        epochs: 5
    outs:
    - path: system/metrics.json
      hash: md5
      md5: 3a7e30b0e3b04bb18be8dccb251a453f
      size: 114
    - path: system/plots
      hash: md5
      md5: 1676eba2572e7a52bc8ed838124b569a.dir
      size: 339
      nfiles: 3
  hello:
    cmd: python hello.py
    deps:
    - path: hello.py
      hash: md5
      md5: e09eccd4dc89546e4d519f320bf9db82
      size: 365
    params:
      params.yaml:
        epochs: 5
    outs:
    - path: new/model/config/trainer/params/metrics.json
      hash: md5
      md5: 9404e9b1efb827f6cbcaf407e9c996e3
      size: 82
    - path: new/model/config/trainer/params/plots
      hash: md5
      md5: 0502a5558b650fb09d15a3e843f72c29.dir
      size: 230
      nfiles: 2
