schema: '2.0'
stages:
  test-dvclive:
    cmd: python train.py
    params:
      params.yaml:
        epochs: 5
    outs:
    - path: dvclive/metrics.json
      hash: md5
      md5: f7076ba148fa1178d58fcd81cd406f81
      size: 78
    - path: dvclive/plots
      hash: md5
      md5: 34797a23ff4eb979242f968d743db2ab.dir
      size: 222
      nfiles: 2
